
Microsoft Visual Studio Solution File, Format Version 12.00
# Visual Studio 15
VisualStudioVersion = 15.0.28307.271
MinimumVisualStudioVersion = 10.0.40219.1
Project("{FAE04EC0-301F-11D3-BF4B-00C04F79EFBC}") = "ProductManagement", "ProductManagement\ProductManagement.csproj", "{026BAEB3-121B-4D3F-9DCC-9E49DA515AD1}"
EndProject
Project("{FAE04EC0-301F-11D3-BF4B-00C04F79EFBC}") = "Product.Shared", "..\Product.Shared\Product.Shared.csproj", "{0EAF0401-B24B-4711-9670-4195D0854785}"
EndProject
Global
	GlobalSection(SolutionConfigurationPlatforms) = preSolution
		Debug|Any CPU = Debug|Any CPU
		Release|Any CPU = Release|Any CPU
	EndGlobalSection
	GlobalSection(ProjectConfigurationPlatforms) = postSolution
		{026BAEB3-121B-4D3F-9DCC-9E49DA515AD1}.Debug|Any CPU.ActiveCfg = Debug|Any CPU
		{026BAEB3-121B-4D3F-9DCC-9E49DA515AD1}.Debug|Any CPU.Build.0 = Debug|Any CPU
		{026BAEB3-121B-4D3F-9DCC-9E49DA515AD1}.Release|Any CPU.ActiveCfg = Release|Any CPU
		{026BAEB3-121B-4D3F-9DCC-9E49DA515AD1}.Release|Any CPU.Build.0 = Release|Any CPU
		{0EAF0401-B24B-4711-9670-4195D0854785}.Debug|Any CPU.ActiveCfg = Debug|Any CPU
		{0EAF0401-B24B-4711-9670-4195D0854785}.Debug|Any CPU.Build.0 = Debug|Any CPU
		{0EAF0401-B24B-4711-9670-4195D0854785}.Release|Any CPU.ActiveCfg = Release|Any CPU
		{0EAF0401-B24B-4711-9670-4195D0854785}.Release|Any CPU.Build.0 = Release|Any CPU
	EndGlobalSection
	GlobalSection(SolutionProperties) = preSolution
		HideSolutionNode = FALSE
	EndGlobalSection
	GlobalSection(ExtensibilityGlobals) = postSolution
		SolutionGuid = {77F87439-370B-4A46-956D-D9B05053ED13}
	EndGlobalSection
EndGlobal
